
Microsoft Visual Studio Solution File, Format Version 12.00
# Visual Studio 2017
Project("{FAE04EC0-301F-11D3-BF4B-00C04F79EFBC}") = "parotid_10", "parotid_10.csproj", "{D74A64CE-CBB1-EEB3-599F-A8B1A0E7266D}"
EndProject
Global
	GlobalSection(SolutionConfigurationPlatforms) = preSolution
		Debug|Any CPU = Debug|Any CPU
		Release|Any CPU = Release|Any CPU
	EndGlobalSection
	GlobalSection(ProjectConfigurationPlatforms) = postSolution
		{D74A64CE-CBB1-EEB3-599F-A8B1A0E7266D}.Debug|Any CPU.ActiveCfg = Debug|Any CPU
		{D74A64CE-CBB1-EEB3-599F-A8B1A0E7266D}.Debug|Any CPU.Build.0 = Debug|Any CPU
		{D74A64CE-CBB1-EEB3-599F-A8B1A0E7266D}.Release|Any CPU.ActiveCfg = Release|Any CPU
		{D74A64CE-CBB1-EEB3-599F-A8B1A0E7266D}.Release|Any CPU.Build.0 = Release|Any CPU
	EndGlobalSection
	GlobalSection(SolutionProperties) = preSolution
		HideSolutionNode = FALSE
	EndGlobalSection
EndGlobal
